
Microsoft Visual Studio Solution File, Format Version 12.00
# Visual Studio 14
VisualStudioVersion = 14.0.24720.0
MinimumVisualStudioVersion = 10.0.40219.1
Project("{FAE04EC0-301F-11D3-BF4B-00C04F79EFBC}") = "PioneerTechConsultancySystem", "PioneerTechConsultancySystem\PioneerTechConsultancySystem.csproj", "{C75BCC1E-0C96-4721-8031-FEDE81369055}"
EndProject
Project("{FAE04EC0-301F-11D3-BF4B-00C04F79EFBC}") = "PioneerTechSystem.DAL", "PioneerTechSystem.DAL\PioneerTechSystem.DAL.csproj", "{4379D4AF-7347-4ECF-92D8-451991A35C52}"
EndProject
Project("{6141683F-8A12-4E36-9623-2EB02B2C2303}") = "PioneerTechConsultancySystem.Setup", "PioneerTechConsultancySystem.Setup\PioneerTechConsultancySystem.Setup.isproj", "{B61AEEBD-A66A-4B51-8744-C27049805BC9}"
EndProject
Project("{FAE04EC0-301F-11D3-BF4B-00C04F79EFBC}") = "PioneerTechSystem.Models", "PioneerTechSystem.Models\PioneerTechSystem.Models.csproj", "{64221C86-4B55-475D-831E-4FD433801A08}"
EndProject
Global
	GlobalSection(SolutionConfigurationPlatforms) = preSolution
		CD_ROM|Any CPU = CD_ROM|Any CPU
		Debug|Any CPU = Debug|Any CPU
		DVD-5|Any CPU = DVD-5|Any CPU
		Release|Any CPU = Release|Any CPU
		SingleImage|Any CPU = SingleImage|Any CPU
	EndGlobalSection
	GlobalSection(ProjectConfigurationPlatforms) = postSolution
		{C75BCC1E-0C96-4721-8031-FEDE81369055}.CD_ROM|Any CPU.ActiveCfg = Release|Any CPU
		{C75BCC1E-0C96-4721-8031-FEDE81369055}.CD_ROM|Any CPU.Build.0 = Release|Any CPU
		{C75BCC1E-0C96-4721-8031-FEDE81369055}.Debug|Any CPU.ActiveCfg = Debug|Any CPU
		{C75BCC1E-0C96-4721-8031-FEDE81369055}.Debug|Any CPU.Build.0 = Debug|Any CPU
		{C75BCC1E-0C96-4721-8031-FEDE81369055}.DVD-5|Any CPU.ActiveCfg = Debug|Any CPU
		{C75BCC1E-0C96-4721-8031-FEDE81369055}.DVD-5|Any CPU.Build.0 = Debug|Any CPU
		{C75BCC1E-0C96-4721-8031-FEDE81369055}.Release|Any CPU.ActiveCfg = Release|Any CPU
		{C75BCC1E-0C96-4721-8031-FEDE81369055}.Release|Any CPU.Build.0 = Release|Any CPU
		{C75BCC1E-0C96-4721-8031-FEDE81369055}.SingleImage|Any CPU.ActiveCfg = Release|Any CPU
		{C75BCC1E-0C96-4721-8031-FEDE81369055}.SingleImage|Any CPU.Build.0 = Release|Any CPU
		{4379D4AF-7347-4ECF-92D8-451991A35C52}.CD_ROM|Any CPU.ActiveCfg = Release|Any CPU
		{4379D4AF-7347-4ECF-92D8-451991A35C52}.CD_ROM|Any CPU.Build.0 = Release|Any CPU
		{4379D4AF-7347-4ECF-92D8-451991A35C52}.Debug|Any CPU.ActiveCfg = Debug|Any CPU
		{4379D4AF-7347-4ECF-92D8-451991A35C52}.Debug|Any CPU.Build.0 = Debug|Any CPU
		{4379D4AF-7347-4ECF-92D8-451991A35C52}.DVD-5|Any CPU.ActiveCfg = Debug|Any CPU
		{4379D4AF-7347-4ECF-92D8-451991A35C52}.DVD-5|Any CPU.Build.0 = Debug|Any CPU
		{4379D4AF-7347-4ECF-92D8-451991A35C52}.Release|Any CPU.ActiveCfg = Release|Any CPU
		{4379D4AF-7347-4ECF-92D8-451991A35C52}.Release|Any CPU.Build.0 = Release|Any CPU
		{4379D4AF-7347-4ECF-92D8-451991A35C52}.SingleImage|Any CPU.ActiveCfg = Release|Any CPU
		{4379D4AF-7347-4ECF-92D8-451991A35C52}.SingleImage|Any CPU.Build.0 = Release|Any CPU
		{B61AEEBD-A66A-4B51-8744-C27049805BC9}.CD_ROM|Any CPU.ActiveCfg = CD_ROM
		{B61AEEBD-A66A-4B51-8744-C27049805BC9}.CD_ROM|Any CPU.Build.0 = CD_ROM
		{B61AEEBD-A66A-4B51-8744-C27049805BC9}.Debug|Any CPU.ActiveCfg = DVD-5
		{B61AEEBD-A66A-4B51-8744-C27049805BC9}.Debug|Any CPU.Build.0 = DVD-5
		{B61AEEBD-A66A-4B51-8744-C27049805BC9}.DVD-5|Any CPU.ActiveCfg = DVD-5
		{B61AEEBD-A66A-4B51-8744-C27049805BC9}.DVD-5|Any CPU.Build.0 = DVD-5
		{B61AEEBD-A66A-4B51-8744-C27049805BC9}.Release|Any CPU.ActiveCfg = SingleImage
		{B61AEEBD-A66A-4B51-8744-C27049805BC9}.Release|Any CPU.Build.0 = SingleImage
		{B61AEEBD-A66A-4B51-8744-C27049805BC9}.SingleImage|Any CPU.ActiveCfg = SingleImage
		{B61AEEBD-A66A-4B51-8744-C27049805BC9}.SingleImage|Any CPU.Build.0 = SingleImage
		{64221C86-4B55-475D-831E-4FD433801A08}.CD_ROM|Any CPU.ActiveCfg = Release|Any CPU
		{64221C86-4B55-475D-831E-4FD433801A08}.CD_ROM|Any CPU.Build.0 = Release|Any CPU
		{64221C86-4B55-475D-831E-4FD433801A08}.Debug|Any CPU.ActiveCfg = Debug|Any CPU
		{64221C86-4B55-475D-831E-4FD433801A08}.Debug|Any CPU.Build.0 = Debug|Any CPU
		{64221C86-4B55-475D-831E-4FD433801A08}.DVD-5|Any CPU.ActiveCfg = Debug|Any CPU
		{64221C86-4B55-475D-831E-4FD433801A08}.DVD-5|Any CPU.Build.0 = Debug|Any CPU
		{64221C86-4B55-475D-831E-4FD433801A08}.Release|Any CPU.ActiveCfg = Release|Any CPU
		{64221C86-4B55-475D-831E-4FD433801A08}.Release|Any CPU.Build.0 = Release|Any CPU
		{64221C86-4B55-475D-831E-4FD433801A08}.SingleImage|Any CPU.ActiveCfg = Release|Any CPU
		{64221C86-4B55-475D-831E-4FD433801A08}.SingleImage|Any CPU.Build.0 = Release|Any CPU
	EndGlobalSection
	GlobalSection(SolutionProperties) = preSolution
		HideSolutionNode = FALSE
	EndGlobalSection
EndGlobal
